
Microsoft Visual Studio Solution File, Format Version 12.00
# Visual Studio 2012
Project("{FAE04EC0-301F-11D3-BF4B-00C04F79EFBC}") = "CentroPosgrados", "CentroPosgrados\CentroPosgrados.csproj", "{5184043E-47B8-4220-9C2B-0B7995D04B42}"
EndProject
Project("{FAE04EC0-301F-11D3-BF4B-00C04F79EFBC}") = "CentroPosgrados.iOS", "iOS\CentroPosgrados.iOS.csproj", "{0CDBF228-93D7-4AE2-8889-3BD083FFB07D}"
EndProject
Project("{FAE04EC0-301F-11D3-BF4B-00C04F79EFBC}") = "CentroPosgrados.Droid", "Droid\CentroPosgrados.Droid.csproj", "{16DA1436-7D02-4520-BBC1-44C600AB8600}"
EndProject
Global
	GlobalSection(SolutionConfigurationPlatforms) = preSolution
		Debug|Any CPU = Debug|Any CPU
		Release|Any CPU = Release|Any CPU
		Debug|iPhoneSimulator = Debug|iPhoneSimulator
		Release|iPhone = Release|iPhone
		Release|iPhoneSimulator = Release|iPhoneSimulator
		Debug|iPhone = Debug|iPhone
	EndGlobalSection
	GlobalSection(ProjectConfigurationPlatforms) = postSolution
		{5184043E-47B8-4220-9C2B-0B7995D04B42}.Debug|Any CPU.ActiveCfg = Debug|Any CPU
		{5184043E-47B8-4220-9C2B-0B7995D04B42}.Release|Any CPU.ActiveCfg = Release|Any CPU
		{5184043E-47B8-4220-9C2B-0B7995D04B42}.Release|Any CPU.Build.0 = Release|Any CPU
		{5184043E-47B8-4220-9C2B-0B7995D04B42}.Debug|iPhoneSimulator.ActiveCfg = Debug|Any CPU
		{5184043E-47B8-4220-9C2B-0B7995D04B42}.Debug|iPhoneSimulator.Build.0 = Debug|Any CPU
		{5184043E-47B8-4220-9C2B-0B7995D04B42}.Release|iPhone.ActiveCfg = Release|Any CPU
		{5184043E-47B8-4220-9C2B-0B7995D04B42}.Release|iPhone.Build.0 = Release|Any CPU
		{5184043E-47B8-4220-9C2B-0B7995D04B42}.Release|iPhoneSimulator.ActiveCfg = Release|Any CPU
		{5184043E-47B8-4220-9C2B-0B7995D04B42}.Release|iPhoneSimulator.Build.0 = Release|Any CPU
		{5184043E-47B8-4220-9C2B-0B7995D04B42}.Debug|iPhone.ActiveCfg = Debug|Any CPU
		{5184043E-47B8-4220-9C2B-0B7995D04B42}.Debug|iPhone.Build.0 = Debug|Any CPU
		{5184043E-47B8-4220-9C2B-0B7995D04B42}.Debug|Any CPU.Build.0 = Debug|Any CPU
		{0CDBF228-93D7-4AE2-8889-3BD083FFB07D}.Debug|Any CPU.ActiveCfg = Debug|iPhoneSimulator
		{0CDBF228-93D7-4AE2-8889-3BD083FFB07D}.Release|Any CPU.ActiveCfg = Release|iPhone
		{0CDBF228-93D7-4AE2-8889-3BD083FFB07D}.Release|Any CPU.Build.0 = Release|iPhone
		{0CDBF228-93D7-4AE2-8889-3BD083FFB07D}.Debug|iPhoneSimulator.ActiveCfg = Debug|iPhoneSimulator
		{0CDBF228-93D7-4AE2-8889-3BD083FFB07D}.Debug|iPhoneSimulator.Build.0 = Debug|iPhoneSimulator
		{0CDBF228-93D7-4AE2-8889-3BD083FFB07D}.Release|iPhone.ActiveCfg = Release|iPhone
		{0CDBF228-93D7-4AE2-8889-3BD083FFB07D}.Release|iPhone.Build.0 = Release|iPhone
		{0CDBF228-93D7-4AE2-8889-3BD083FFB07D}.Release|iPhoneSimulator.ActiveCfg = Release|iPhoneSimulator
		{0CDBF228-93D7-4AE2-8889-3BD083FFB07D}.Release|iPhoneSimulator.Build.0 = Release|iPhoneSimulator
		{0CDBF228-93D7-4AE2-8889-3BD083FFB07D}.Debug|iPhone.ActiveCfg = Debug|iPhone
		{0CDBF228-93D7-4AE2-8889-3BD083FFB07D}.Debug|iPhone.Build.0 = Debug|iPhone
		{0CDBF228-93D7-4AE2-8889-3BD083FFB07D}.Debug|Any CPU.Build.0 = Debug|iPhoneSimulator
		{16DA1436-7D02-4520-BBC1-44C600AB8600}.Debug|Any CPU.ActiveCfg = Debug|Any CPU
		{16DA1436-7D02-4520-BBC1-44C600AB8600}.Release|Any CPU.ActiveCfg = Release|Any CPU
		{16DA1436-7D02-4520-BBC1-44C600AB8600}.Release|Any CPU.Build.0 = Release|Any CPU
		{16DA1436-7D02-4520-BBC1-44C600AB8600}.Debug|iPhoneSimulator.ActiveCfg = Debug|Any CPU
		{16DA1436-7D02-4520-BBC1-44C600AB8600}.Debug|iPhoneSimulator.Build.0 = Debug|Any CPU
		{16DA1436-7D02-4520-BBC1-44C600AB8600}.Release|iPhone.ActiveCfg = Release|Any CPU
		{16DA1436-7D02-4520-BBC1-44C600AB8600}.Release|iPhone.Build.0 = Release|Any CPU
		{16DA1436-7D02-4520-BBC1-44C600AB8600}.Release|iPhoneSimulator.ActiveCfg = Release|Any CPU
		{16DA1436-7D02-4520-BBC1-44C600AB8600}.Release|iPhoneSimulator.Build.0 = Release|Any CPU
		{16DA1436-7D02-4520-BBC1-44C600AB8600}.Debug|iPhone.ActiveCfg = Debug|Any CPU
		{16DA1436-7D02-4520-BBC1-44C600AB8600}.Debug|iPhone.Build.0 = Debug|Any CPU
		{16DA1436-7D02-4520-BBC1-44C600AB8600}.Debug|Any CPU.Build.0 = Debug|Any CPU
	EndGlobalSection
	GlobalSection(MonoDevelopProperties) = preSolution
		Policies = $0
		$0.DotNetNamingPolicy = $1
		$1.DirectoryNamespaceAssociation = PrefixedHierarchical
		$0.StandardHeader = $2
		$0.VersionControlPolicy = $3
	EndGlobalSection
EndGlobal
